
Microsoft Visual Studio Solution File, Format Version 12.00
# Visual Studio Version 17
VisualStudioVersion = 17.9.34622.214
MinimumVisualStudioVersion = 10.0.40219.1
Project("{FAE04EC0-301F-11D3-BF4B-00C04F79EFBC}") = "StudentManagementSystem", "StudentManagementSystem.csproj", "{3A2E3AEB-197C-49E1-AD6F-ABFC775BB90D}"
EndProject
Global
	GlobalSection(SolutionConfigurationPlatforms) = preSolution
		Debug|Any CPU = Debug|Any CPU
		Release|Any CPU = Release|Any CPU
	EndGlobalSection
	GlobalSection(ProjectConfigurationPlatforms) = postSolution
		{3A2E3AEB-197C-49E1-AD6F-ABFC775BB90D}.Debug|Any CPU.ActiveCfg = Debug|Any CPU
		{3A2E3AEB-197C-49E1-AD6F-ABFC775BB90D}.Debug|Any CPU.Build.0 = Debug|Any CPU
		{3A2E3AEB-197C-49E1-AD6F-ABFC775BB90D}.Release|Any CPU.ActiveCfg = Release|Any CPU
		{3A2E3AEB-197C-49E1-AD6F-ABFC775BB90D}.Release|Any CPU.Build.0 = Release|Any CPU
	EndGlobalSection
	GlobalSection(SolutionProperties) = preSolution
		HideSolutionNode = FALSE
	EndGlobalSection
	GlobalSection(ExtensibilityGlobals) = postSolution
		SolutionGuid = {860AA8C5-8487-4E1A-8137-6C92A5CE04BE}
	EndGlobalSection
EndGlobal
